
Microsoft Visual Studio Solution File, Format Version 12.00
# Visual Studio Version 16
VisualStudioVersion = 16.0.32413.511
MinimumVisualStudioVersion = 10.0.40219.1
Project("{FAE04EC0-301F-11D3-BF4B-00C04F79EFBC}") = "Mollify", "Mollify\Mollify.csproj", "{2CD21646-5082-469D-BF19-3CE337FB44FB}"
EndProject
Global
	GlobalSection(SolutionConfigurationPlatforms) = preSolution
		Debug|Any CPU = Debug|Any CPU
		Release|Any CPU = Release|Any CPU
	EndGlobalSection
	GlobalSection(ProjectConfigurationPlatforms) = postSolution
		{2CD21646-5082-469D-BF19-3CE337FB44FB}.Debug|Any CPU.ActiveCfg = Debug|Any CPU
		{2CD21646-5082-469D-BF19-3CE337FB44FB}.Debug|Any CPU.Build.0 = Debug|Any CPU
		{2CD21646-5082-469D-BF19-3CE337FB44FB}.Release|Any CPU.ActiveCfg = Release|Any CPU
		{2CD21646-5082-469D-BF19-3CE337FB44FB}.Release|Any CPU.Build.0 = Release|Any CPU
	EndGlobalSection
	GlobalSection(SolutionProperties) = preSolution
		HideSolutionNode = FALSE
	EndGlobalSection
	GlobalSection(ExtensibilityGlobals) = postSolution
		SolutionGuid = {C3923E3B-45EA-43CD-8659-7B640CB842C5}
	EndGlobalSection
EndGlobal
